// !$*UTF8*$!
{
	archiveVersion = 1;
	classes = {
	};
	objectVersion = 56;
	objects = {

/* Begin PBXBuildFile section */
		7359AA6C2C2E045600FB21EF /* YelpService.swift in Sources */ = {isa = PBXBuildFile; fileRef = 7359AA6B2C2E045600FB21EF /* YelpService.swift */; };
		735C44222C24C3D700D217D8 /* RadiusApp.swift in Sources */ = {isa = PBXBuildFile; fileRef = 735C44212C24C3D700D217D8 /* RadiusApp.swift */; };
		735C44242C24C3D700D217D8 /* ContentView.swift in Sources */ = {isa = PBXBuildFile; fileRef = 735C44232C24C3D700D217D8 /* ContentView.swift */; };
		735C44282C24C3D800D217D8 /* Assets.xcassets in Resources */ = {isa = PBXBuildFile; fileRef = 735C44272C24C3D800D217D8 /* Assets.xcassets */; };
		735C442B2C24C3D800D217D8 /* Preview Assets.xcassets in Resources */ = {isa = PBXBuildFile; fileRef = 735C442A2C24C3D800D217D8 /* Preview Assets.xcassets */; };
		735C44322C2A073000D217D8 /* Venue.swift in Sources */ = {isa = PBXBuildFile; fileRef = 735C44312C2A073000D217D8 /* Venue.swift */; };
		735C44342C2A0D4700D217D8 /* Extensions.swift in Sources */ = {isa = PBXBuildFile; fileRef = 735C44332C2A0D4700D217D8 /* Extensions.swift */; };
		735C44372C2A175100D217D8 /* GoogleMaps in Frameworks */ = {isa = PBXBuildFile; productRef = 735C44362C2A175100D217D8 /* GoogleMaps */; };
		735C44392C2A181400D217D8 /* GoogleMap.swift in Sources */ = {isa = PBXBuildFile; fileRef = 735C44382C2A181400D217D8 /* GoogleMap.swift */; };
		735C443B2C2A18E500D217D8 /* GoogleMapView.swift in Sources */ = {isa = PBXBuildFile; fileRef = 735C443A2C2A18E500D217D8 /* GoogleMapView.swift */; };
		735C44592C2A43E200D217D8 /* User.swift in Sources */ = {isa = PBXBuildFile; fileRef = 735C44582C2A43E200D217D8 /* User.swift */; };
		735C445B2C2A48B900D217D8 /* Keys.plist in Resources */ = {isa = PBXBuildFile; fileRef = 735C445A2C2A48B900D217D8 /* Keys.plist */; };
		7380D7312C35CAC800D715B9 /* FirebaseFirestore in Frameworks */ = {isa = PBXBuildFile; productRef = 7380D7302C35CAC800D715B9 /* FirebaseFirestore */; };
		7380D7332C35CAC800D715B9 /* FirebaseFirestoreSwift in Frameworks */ = {isa = PBXBuildFile; productRef = 7380D7322C35CAC800D715B9 /* FirebaseFirestoreSwift */; };
		7380D7352C35CBC000D715B9 /* FirebaseFirestore.swift in Sources */ = {isa = PBXBuildFile; fileRef = 7380D7342C35CBC000D715B9 /* FirebaseFirestore.swift */; };
		73ED2B862C2CB49800B8B693 /* FirebaseAuth in Frameworks */ = {isa = PBXBuildFile; productRef = 73ED2B852C2CB49800B8B693 /* FirebaseAuth */; };
		73ED2B882C2CB49800B8B693 /* FirebaseDatabase in Frameworks */ = {isa = PBXBuildFile; productRef = 73ED2B872C2CB49800B8B693 /* FirebaseDatabase */; };
		73ED2B8A2C2CB49800B8B693 /* FirebaseDatabaseSwift in Frameworks */ = {isa = PBXBuildFile; productRef = 73ED2B892C2CB49800B8B693 /* FirebaseDatabaseSwift */; };
		73ED2B8C2C2CB64500B8B693 /* GoogleService-Info.plist in Resources */ = {isa = PBXBuildFile; fileRef = 73ED2B8B2C2CB64500B8B693 /* GoogleService-Info.plist */; };
		73ED2B8E2C2CB67D00B8B693 /* FirebaseAnalyticsWithoutAdIdSupport in Frameworks */ = {isa = PBXBuildFile; productRef = 73ED2B8D2C2CB67D00B8B693 /* FirebaseAnalyticsWithoutAdIdSupport */; };
		73ED2B912C2CB71D00B8B693 /* GoogleSignIn in Frameworks */ = {isa = PBXBuildFile; productRef = 73ED2B902C2CB71D00B8B693 /* GoogleSignIn */; };
		73ED2B932C2CB71D00B8B693 /* GoogleSignInSwift in Frameworks */ = {isa = PBXBuildFile; productRef = 73ED2B922C2CB71D00B8B693 /* GoogleSignInSwift */; };
		73ED2B962C2CBB5000B8B693 /* GoogleSignIn.swift in Sources */ = {isa = PBXBuildFile; fileRef = 73ED2B952C2CBB5000B8B693 /* GoogleSignIn.swift */; };
/* End PBXBuildFile section */

/* Begin PBXFileReference section */
		7359AA6B2C2E045600FB21EF /* YelpService.swift */ = {isa = PBXFileReference; lastKnownFileType = sourcecode.swift; path = YelpService.swift; sourceTree = "<group>"; };
		735C441E2C24C3D700D217D8 /* Radius.app */ = {isa = PBXFileReference; explicitFileType = wrapper.application; includeInIndex = 0; path = Radius.app; sourceTree = BUILT_PRODUCTS_DIR; };
		735C44212C24C3D700D217D8 /* RadiusApp.swift */ = {isa = PBXFileReference; lastKnownFileType = sourcecode.swift; path = RadiusApp.swift; sourceTree = "<group>"; };
		735C44232C24C3D700D217D8 /* ContentView.swift */ = {isa = PBXFileReference; lastKnownFileType = sourcecode.swift; path = ContentView.swift; sourceTree = "<group>"; };
		735C44272C24C3D800D217D8 /* Assets.xcassets */ = {isa = PBXFileReference; lastKnownFileType = folder.assetcatalog; path = Assets.xcassets; sourceTree = "<group>"; };
		735C442A2C24C3D800D217D8 /* Preview Assets.xcassets */ = {isa = PBXFileReference; lastKnownFileType = folder.assetcatalog; path = "Preview Assets.xcassets"; sourceTree = "<group>"; };
		735C44312C2A073000D217D8 /* Venue.swift */ = {isa = PBXFileReference; lastKnownFileType = sourcecode.swift; path = Venue.swift; sourceTree = "<group>"; };
		735C44332C2A0D4700D217D8 /* Extensions.swift */ = {isa = PBXFileReference; lastKnownFileType = sourcecode.swift; path = Extensions.swift; sourceTree = "<group>"; };
		735C44382C2A181400D217D8 /* GoogleMap.swift */ = {isa = PBXFileReference; lastKnownFileType = sourcecode.swift; path = GoogleMap.swift; sourceTree = "<group>"; };
		735C443A2C2A18E500D217D8 /* GoogleMapView.swift */ = {isa = PBXFileReference; lastKnownFileType = sourcecode.swift; path = GoogleMapView.swift; sourceTree = "<group>"; };
		735C44582C2A43E200D217D8 /* User.swift */ = {isa = PBXFileReference; lastKnownFileType = sourcecode.swift; path = User.swift; sourceTree = SOURCE_ROOT; };
		735C445A2C2A48B900D217D8 /* Keys.plist */ = {isa = PBXFileReference; lastKnownFileType = text.plist.xml; path = Keys.plist; sourceTree = "<group>"; };
		7380D7342C35CBC000D715B9 /* FirebaseFirestore.swift */ = {isa = PBXFileReference; lastKnownFileType = sourcecode.swift; path = FirebaseFirestore.swift; sourceTree = "<group>"; };
		73ED2B8B2C2CB64500B8B693 /* GoogleService-Info.plist */ = {isa = PBXFileReference; fileEncoding = 4; lastKnownFileType = text.plist.xml; name = "GoogleService-Info.plist"; path = "../../../../../../Downloads/GoogleService-Info.plist"; sourceTree = "<group>"; };
		73ED2B942C2CB80D00B8B693 /* Info.plist */ = {isa = PBXFileReference; lastKnownFileType = text.plist; path = Info.plist; sourceTree = "<group>"; };
		73ED2B952C2CBB5000B8B693 /* GoogleSignIn.swift */ = {isa = PBXFileReference; lastKnownFileType = sourcecode.swift; path = GoogleSignIn.swift; sourceTree = "<group>"; };
/* End PBXFileReference section */

/* Begin PBXFrameworksBuildPhase section */
		735C441B2C24C3D700D217D8 /* Frameworks */ = {
			isa = PBXFrameworksBuildPhase;
			buildActionMask = 2147483647;
			files = (
				73ED2B8A2C2CB49800B8B693 /* FirebaseDatabaseSwift in Frameworks */,
				73ED2B8E2C2CB67D00B8B693 /* FirebaseAnalyticsWithoutAdIdSupport in Frameworks */,
				73ED2B932C2CB71D00B8B693 /* GoogleSignInSwift in Frameworks */,
				73ED2B882C2CB49800B8B693 /* FirebaseDatabase in Frameworks */,
				735C44372C2A175100D217D8 /* GoogleMaps in Frameworks */,
				7380D7312C35CAC800D715B9 /* FirebaseFirestore in Frameworks */,
				73ED2B862C2CB49800B8B693 /* FirebaseAuth in Frameworks */,
				73ED2B912C2CB71D00B8B693 /* GoogleSignIn in Frameworks */,
				7380D7332C35CAC800D715B9 /* FirebaseFirestoreSwift in Frameworks */,
			);
			runOnlyForDeploymentPostprocessing = 0;
		};
/* End PBXFrameworksBuildPhase section */

/* Begin PBXGroup section */
		735C44152C24C3D700D217D8 = {
			isa = PBXGroup;
			children = (
				735C44202C24C3D700D217D8 /* Radius */,
				735C441F2C24C3D700D217D8 /* Products */,
			);
			sourceTree = "<group>";
		};
		735C441F2C24C3D700D217D8 /* Products */ = {
			isa = PBXGroup;
			children = (
				735C441E2C24C3D700D217D8 /* Radius.app */,
			);
			name = Products;
			sourceTree = "<group>";
		};
		735C44202C24C3D700D217D8 /* Radius */ = {
			isa = PBXGroup;
			children = (
				7380D7342C35CBC000D715B9 /* FirebaseFirestore.swift */,
				73ED2B952C2CBB5000B8B693 /* GoogleSignIn.swift */,
				7359AA6B2C2E045600FB21EF /* YelpService.swift */,
				73ED2B942C2CB80D00B8B693 /* Info.plist */,
				73ED2B8B2C2CB64500B8B693 /* GoogleService-Info.plist */,
				735C44582C2A43E200D217D8 /* User.swift */,
				735C44212C24C3D700D217D8 /* RadiusApp.swift */,
				735C445A2C2A48B900D217D8 /* Keys.plist */,
				735C44382C2A181400D217D8 /* GoogleMap.swift */,
				735C44232C24C3D700D217D8 /* ContentView.swift */,
				735C443A2C2A18E500D217D8 /* GoogleMapView.swift */,
				735C44332C2A0D4700D217D8 /* Extensions.swift */,
				735C44312C2A073000D217D8 /* Venue.swift */,
				735C44272C24C3D800D217D8 /* Assets.xcassets */,
				735C44292C24C3D800D217D8 /* Preview Content */,
			);
			path = Radius;
			sourceTree = "<group>";
		};
		735C44292C24C3D800D217D8 /* Preview Content */ = {
			isa = PBXGroup;
			children = (
				735C442A2C24C3D800D217D8 /* Preview Assets.xcassets */,
			);
			path = "Preview Content";
			sourceTree = "<group>";
		};
/* End PBXGroup section */

/* Begin PBXNativeTarget section */
		735C441D2C24C3D700D217D8 /* Radius */ = {
			isa = PBXNativeTarget;
			buildConfigurationList = 735C442E2C24C3D800D217D8 /* Build configuration list for PBXNativeTarget "Radius" */;
			buildPhases = (
				735C441A2C24C3D700D217D8 /* Sources */,
				735C441B2C24C3D700D217D8 /* Frameworks */,
				735C441C2C24C3D700D217D8 /* Resources */,
			);
			buildRules = (
			);
			dependencies = (
			);
			name = Radius;
			packageProductDependencies = (
				735C44362C2A175100D217D8 /* GoogleMaps */,
				73ED2B852C2CB49800B8B693 /* FirebaseAuth */,
				73ED2B872C2CB49800B8B693 /* FirebaseDatabase */,
				73ED2B892C2CB49800B8B693 /* FirebaseDatabaseSwift */,
				73ED2B8D2C2CB67D00B8B693 /* FirebaseAnalyticsWithoutAdIdSupport */,
				73ED2B902C2CB71D00B8B693 /* GoogleSignIn */,
				73ED2B922C2CB71D00B8B693 /* GoogleSignInSwift */,
				7380D7302C35CAC800D715B9 /* FirebaseFirestore */,
				7380D7322C35CAC800D715B9 /* FirebaseFirestoreSwift */,
			);
			productName = Radius;
			productReference = 735C441E2C24C3D700D217D8 /* Radius.app */;
			productType = "com.apple.product-type.application";
		};
/* End PBXNativeTarget section */

/* Begin PBXProject section */
		735C44162C24C3D700D217D8 /* Project object */ = {
			isa = PBXProject;
			attributes = {
				BuildIndependentTargetsInParallel = 1;
				LastSwiftUpdateCheck = 1540;
				LastUpgradeCheck = 1540;
				TargetAttributes = {
					735C441D2C24C3D700D217D8 = {
						CreatedOnToolsVersion = 15.4;
					};
				};
			};
			buildConfigurationList = 735C44192C24C3D700D217D8 /* Build configuration list for PBXProject "Radius" */;
			compatibilityVersion = "Xcode 14.0";
			developmentRegion = en;
			hasScannedForEncodings = 0;
			knownRegions = (
				en,
				Base,
			);
			mainGroup = 735C44152C24C3D700D217D8;
			packageReferences = (
				735C44352C2A175100D217D8 /* XCRemoteSwiftPackageReference "ios-maps-sdk" */,
				73ED2B842C2CB49800B8B693 /* XCRemoteSwiftPackageReference "firebase-ios-sdk" */,
				73ED2B8F2C2CB71D00B8B693 /* XCRemoteSwiftPackageReference "GoogleSignIn-iOS" */,
			);
			productRefGroup = 735C441F2C24C3D700D217D8 /* Products */;
			projectDirPath = "";
			projectRoot = "";
			targets = (
				735C441D2C24C3D700D217D8 /* Radius */,
			);
		};
/* End PBXProject section */

/* Begin PBXResourcesBuildPhase section */
		735C441C2C24C3D700D217D8 /* Resources */ = {
			isa = PBXResourcesBuildPhase;
			buildActionMask = 2147483647;
			files = (
				735C445B2C2A48B900D217D8 /* Keys.plist in Resources */,
				73ED2B8C2C2CB64500B8B693 /* GoogleService-Info.plist in Resources */,
				735C442B2C24C3D800D217D8 /* Preview Assets.xcassets in Resources */,
				735C44282C24C3D800D217D8 /* Assets.xcassets in Resources */,
			);
			runOnlyForDeploymentPostprocessing = 0;
		};
/* End PBXResourcesBuildPhase section */

/* Begin PBXSourcesBuildPhase section */
		735C441A2C24C3D700D217D8 /* Sources */ = {
			isa = PBXSourcesBuildPhase;
			buildActionMask = 2147483647;
			files = (
				735C443B2C2A18E500D217D8 /* GoogleMapView.swift in Sources */,
				735C44392C2A181400D217D8 /* GoogleMap.swift in Sources */,
				73ED2B962C2CBB5000B8B693 /* GoogleSignIn.swift in Sources */,
				735C44242C24C3D700D217D8 /* ContentView.swift in Sources */,
				735C44322C2A073000D217D8 /* Venue.swift in Sources */,
				735C44222C24C3D700D217D8 /* RadiusApp.swift in Sources */,
				7380D7352C35CBC000D715B9 /* FirebaseFirestore.swift in Sources */,
				735C44342C2A0D4700D217D8 /* Extensions.swift in Sources */,
				735C44592C2A43E200D217D8 /* User.swift in Sources */,
				7359AA6C2C2E045600FB21EF /* YelpService.swift in Sources */,
			);
			runOnlyForDeploymentPostprocessing = 0;
		};
/* End PBXSourcesBuildPhase section */

/* Begin XCBuildConfiguration section */
		735C442C2C24C3D800D217D8 /* Debug */ = {
			isa = XCBuildConfiguration;
			buildSettings = {
				ALWAYS_SEARCH_USER_PATHS = NO;
				ASSETCATALOG_COMPILER_GENERATE_SWIFT_ASSET_SYMBOL_EXTENSIONS = YES;
				CLANG_ANALYZER_NONNULL = YES;
				CLANG_ANALYZER_NUMBER_OBJECT_CONVERSION = YES_AGGRESSIVE;
				CLANG_CXX_LANGUAGE_STANDARD = "gnu++20";
				CLANG_ENABLE_MODULES = YES;
				CLANG_ENABLE_OBJC_ARC = YES;
				CLANG_ENABLE_OBJC_WEAK = YES;
				CLANG_WARN_BLOCK_CAPTURE_AUTORELEASING = YES;
				CLANG_WARN_BOOL_CONVERSION = YES;
				CLANG_WARN_COMMA = YES;
				CLANG_WARN_CONSTANT_CONVERSION = YES;
				CLANG_WARN_DEPRECATED_OBJC_IMPLEMENTATIONS = YES;
				CLANG_WARN_DIRECT_OBJC_ISA_USAGE = YES_ERROR;
				CLANG_WARN_DOCUMENTATION_COMMENTS = YES;
				CLANG_WARN_EMPTY_BODY = YES;
				CLANG_WARN_ENUM_CONVERSION = YES;
				CLANG_WARN_INFINITE_RECURSION = YES;
				CLANG_WARN_INT_CONVERSION = YES;
				CLANG_WARN_NON_LITERAL_NULL_CONVERSION = YES;
				CLANG_WARN_OBJC_IMPLICIT_RETAIN_SELF = YES;
				CLANG_WARN_OBJC_LITERAL_CONVERSION = YES;
				CLANG_WARN_OBJC_ROOT_CLASS = YES_ERROR;
				CLANG_WARN_QUOTED_INCLUDE_IN_FRAMEWORK_HEADER = YES;
				CLANG_WARN_RANGE_LOOP_ANALYSIS = YES;
				CLANG_WARN_STRICT_PROTOTYPES = YES;
				CLANG_WARN_SUSPICIOUS_MOVE = YES;
				CLANG_WARN_UNGUARDED_AVAILABILITY = YES_AGGRESSIVE;
				CLANG_WARN_UNREACHABLE_CODE = YES;
				CLANG_WARN__DUPLICATE_METHOD_MATCH = YES;
				COPY_PHASE_STRIP = NO;
				DEBUG_INFORMATION_FORMAT = dwarf;
				ENABLE_STRICT_OBJC_MSGSEND = YES;
				ENABLE_TESTABILITY = YES;
				ENABLE_USER_SCRIPT_SANDBOXING = YES;
				GCC_C_LANGUAGE_STANDARD = gnu17;
				GCC_DYNAMIC_NO_PIC = NO;
				GCC_NO_COMMON_BLOCKS = YES;
				GCC_OPTIMIZATION_LEVEL = 0;
				GCC_PREPROCESSOR_DEFINITIONS = (
					"DEBUG=1",
					"$(inherited)",
				);
				GCC_WARN_64_TO_32_BIT_CONVERSION = YES;
				GCC_WARN_ABOUT_RETURN_TYPE = YES_ERROR;
				GCC_WARN_UNDECLARED_SELECTOR = YES;
				GCC_WARN_UNINITIALIZED_AUTOS = YES_AGGRESSIVE;
				GCC_WARN_UNUSED_FUNCTION = YES;
				GCC_WARN_UNUSED_VARIABLE = YES;
				IPHONEOS_DEPLOYMENT_TARGET = 17.5;
				LOCALIZATION_PREFERS_STRING_CATALOGS = YES;
				MTL_ENABLE_DEBUG_INFO = INCLUDE_SOURCE;
				MTL_FAST_MATH = YES;
				ONLY_ACTIVE_ARCH = YES;
				SDKROOT = iphoneos;
				SWIFT_ACTIVE_COMPILATION_CONDITIONS = "DEBUG $(inherited)";
				SWIFT_OPTIMIZATION_LEVEL = "-Onone";
			};
			name = Debug;
		};
		735C442D2C24C3D800D217D8 /* Release */ = {
			isa = XCBuildConfiguration;
			buildSettings = {
				ALWAYS_SEARCH_USER_PATHS = NO;
				ASSETCATALOG_COMPILER_GENERATE_SWIFT_ASSET_SYMBOL_EXTENSIONS = YES;
				CLANG_ANALYZER_NONNULL = YES;
				CLANG_ANALYZER_NUMBER_OBJECT_CONVERSION = YES_AGGRESSIVE;
				CLANG_CXX_LANGUAGE_STANDARD = "gnu++20";
				CLANG_ENABLE_MODULES = YES;
				CLANG_ENABLE_OBJC_ARC = YES;
				CLANG_ENABLE_OBJC_WEAK = YES;
				CLANG_WARN_BLOCK_CAPTURE_AUTORELEASING = YES;
				CLANG_WARN_BOOL_CONVERSION = YES;
				CLANG_WARN_COMMA = YES;
				CLANG_WARN_CONSTANT_CONVERSION = YES;
				CLANG_WARN_DEPRECATED_OBJC_IMPLEMENTATIONS = YES;
				CLANG_WARN_DIRECT_OBJC_ISA_USAGE = YES_ERROR;
				CLANG_WARN_DOCUMENTATION_COMMENTS = YES;
				CLANG_WARN_EMPTY_BODY = YES;
				CLANG_WARN_ENUM_CONVERSION = YES;
				CLANG_WARN_INFINITE_RECURSION = YES;
				CLANG_WARN_INT_CONVERSION = YES;
				CLANG_WARN_NON_LITERAL_NULL_CONVERSION = YES;
				CLANG_WARN_OBJC_IMPLICIT_RETAIN_SELF = YES;
				CLANG_WARN_OBJC_LITERAL_CONVERSION = YES;
				CLANG_WARN_OBJC_ROOT_CLASS = YES_ERROR;
				CLANG_WARN_QUOTED_INCLUDE_IN_FRAMEWORK_HEADER = YES;
				CLANG_WARN_RANGE_LOOP_ANALYSIS = YES;
				CLANG_WARN_STRICT_PROTOTYPES = YES;
				CLANG_WARN_SUSPICIOUS_MOVE = YES;
				CLANG_WARN_UNGUARDED_AVAILABILITY = YES_AGGRESSIVE;
				CLANG_WARN_UNREACHABLE_CODE = YES;
				CLANG_WARN__DUPLICATE_METHOD_MATCH = YES;
				COPY_PHASE_STRIP = NO;
				DEBUG_INFORMATION_FORMAT = "dwarf-with-dsym";
				ENABLE_NS_ASSERTIONS = NO;
				ENABLE_STRICT_OBJC_MSGSEND = YES;
				ENABLE_USER_SCRIPT_SANDBOXING = YES;
				GCC_C_LANGUAGE_STANDARD = gnu17;
				GCC_NO_COMMON_BLOCKS = YES;
				GCC_WARN_64_TO_32_BIT_CONVERSION = YES;
				GCC_WARN_ABOUT_RETURN_TYPE = YES_ERROR;
				GCC_WARN_UNDECLARED_SELECTOR = YES;
				GCC_WARN_UNINITIALIZED_AUTOS = YES_AGGRESSIVE;
				GCC_WARN_UNUSED_FUNCTION = YES;
				GCC_WARN_UNUSED_VARIABLE = YES;
				IPHONEOS_DEPLOYMENT_TARGET = 17.5;
				LOCALIZATION_PREFERS_STRING_CATALOGS = YES;
				MTL_ENABLE_DEBUG_INFO = NO;
				MTL_FAST_MATH = YES;
				SDKROOT = iphoneos;
				SWIFT_COMPILATION_MODE = wholemodule;
				VALIDATE_PRODUCT = YES;
			};
			name = Release;
		};
		735C442F2C24C3D800D217D8 /* Debug */ = {
			isa = XCBuildConfiguration;
			buildSettings = {
				ASSETCATALOG_COMPILER_APPICON_NAME = AppIcon;
				ASSETCATALOG_COMPILER_GLOBAL_ACCENT_COLOR_NAME = AccentColor;
				CODE_SIGN_STYLE = Automatic;
				CURRENT_PROJECT_VERSION = 1;
				DEVELOPMENT_ASSET_PATHS = "\"Radius/Preview Content\"";
				DEVELOPMENT_TEAM = X5QW7R8SD5;
				ENABLE_PREVIEWS = YES;
				GENERATE_INFOPLIST_FILE = YES;
				INFOPLIST_FILE = Radius/Info.plist;
				INFOPLIST_KEY_UIApplicationSceneManifest_Generation = YES;
				INFOPLIST_KEY_UIApplicationSupportsIndirectInputEvents = YES;
				INFOPLIST_KEY_UILaunchScreen_Generation = YES;
				INFOPLIST_KEY_UISupportedInterfaceOrientations_iPad = "UIInterfaceOrientationPortrait UIInterfaceOrientationPortraitUpsideDown UIInterfaceOrientationLandscapeLeft UIInterfaceOrientationLandscapeRight";
				INFOPLIST_KEY_UISupportedInterfaceOrientations_iPhone = "UIInterfaceOrientationPortrait UIInterfaceOrientationLandscapeLeft UIInterfaceOrientationLandscapeRight";
				LD_RUNPATH_SEARCH_PATHS = (
					"$(inherited)",
					"@executable_path/Frameworks",
				);
				MARKETING_VERSION = 1.0;
				OTHER_LDFLAGS = "-ObjC";
				PRODUCT_BUNDLE_IDENTIFIER = com.ryanschoen.Radius;
				PRODUCT_NAME = "$(TARGET_NAME)";
				SWIFT_EMIT_LOC_STRINGS = YES;
				SWIFT_STRICT_CONCURRENCY = complete;
				SWIFT_VERSION = 5.0;
				TARGETED_DEVICE_FAMILY = "1,2";
			};
			name = Debug;
		};
		735C44302C24C3D800D217D8 /* Release */ = {
			isa = XCBuildConfiguration;
			buildSettings = {
				ASSETCATALOG_COMPILER_APPICON_NAME = AppIcon;
				ASSETCATALOG_COMPILER_GLOBAL_ACCENT_COLOR_NAME = AccentColor;
				CODE_SIGN_STYLE = Automatic;
				CURRENT_PROJECT_VERSION = 1;
				DEVELOPMENT_ASSET_PATHS = "\"Radius/Preview Content\"";
				DEVELOPMENT_TEAM = X5QW7R8SD5;
				ENABLE_PREVIEWS = YES;
				GENERATE_INFOPLIST_FILE = YES;
				INFOPLIST_FILE = Radius/Info.plist;
				INFOPLIST_KEY_UIApplicationSceneManifest_Generation = YES;
				INFOPLIST_KEY_UIApplicationSupportsIndirectInputEvents = YES;
				INFOPLIST_KEY_UILaunchScreen_Generation = YES;
				INFOPLIST_KEY_UISupportedInterfaceOrientations_iPad = "UIInterfaceOrientationPortrait UIInterfaceOrientationPortraitUpsideDown UIInterfaceOrientationLandscapeLeft UIInterfaceOrientationLandscapeRight";
				INFOPLIST_KEY_UISupportedInterfaceOrientations_iPhone = "UIInterfaceOrientationPortrait UIInterfaceOrientationLandscapeLeft UIInterfaceOrientationLandscapeRight";
				LD_RUNPATH_SEARCH_PATHS = (
					"$(inherited)",
					"@executable_path/Frameworks",
				);
				MARKETING_VERSION = 1.0;
				OTHER_LDFLAGS = "-ObjC";
				PRODUCT_BUNDLE_IDENTIFIER = com.ryanschoen.Radius;
				PRODUCT_NAME = "$(TARGET_NAME)";
				SWIFT_EMIT_LOC_STRINGS = YES;
				SWIFT_STRICT_CONCURRENCY = complete;
				SWIFT_VERSION = 5.0;
				TARGETED_DEVICE_FAMILY = "1,2";
			};
			name = Release;
		};
/* End XCBuildConfiguration section */

/* Begin XCConfigurationList section */
		735C44192C24C3D700D217D8 /* Build configuration list for PBXProject "Radius" */ = {
			isa = XCConfigurationList;
			buildConfigurations = (
				735C442C2C24C3D800D217D8 /* Debug */,
				735C442D2C24C3D800D217D8 /* Release */,
			);
			defaultConfigurationIsVisible = 0;
			defaultConfigurationName = Release;
		};
		735C442E2C24C3D800D217D8 /* Build configuration list for PBXNativeTarget "Radius" */ = {
			isa = XCConfigurationList;
			buildConfigurations = (
				735C442F2C24C3D800D217D8 /* Debug */,
				735C44302C24C3D800D217D8 /* Release */,
			);
			defaultConfigurationIsVisible = 0;
			defaultConfigurationName = Release;
		};
/* End XCConfigurationList section */

/* Begin XCRemoteSwiftPackageReference section */
		735C44352C2A175100D217D8 /* XCRemoteSwiftPackageReference "ios-maps-sdk" */ = {
			isa = XCRemoteSwiftPackageReference;
			repositoryURL = "https://github.com/googlemaps/ios-maps-sdk";
			requirement = {
				kind = exactVersion;
				version = 9.0.0;
			};
		};
		73ED2B842C2CB49800B8B693 /* XCRemoteSwiftPackageReference "firebase-ios-sdk" */ = {
			isa = XCRemoteSwiftPackageReference;
			repositoryURL = "https://github.com/firebase/firebase-ios-sdk.git";
			requirement = {
				kind = exactVersion;
				version = 10.28.1;
			};
		};
		73ED2B8F2C2CB71D00B8B693 /* XCRemoteSwiftPackageReference "GoogleSignIn-iOS" */ = {
			isa = XCRemoteSwiftPackageReference;
			repositoryURL = "https://github.com/google/GoogleSignIn-iOS";
			requirement = {
				kind = upToNextMajorVersion;
				minimumVersion = 7.1.0;
			};
		};
/* End XCRemoteSwiftPackageReference section */

/* Begin XCSwiftPackageProductDependency section */
		735C44362C2A175100D217D8 /* GoogleMaps */ = {
			isa = XCSwiftPackageProductDependency;
			package = 735C44352C2A175100D217D8 /* XCRemoteSwiftPackageReference "ios-maps-sdk" */;
			productName = GoogleMaps;
		};
		7380D7302C35CAC800D715B9 /* FirebaseFirestore */ = {
			isa = XCSwiftPackageProductDependency;
			package = 73ED2B842C2CB49800B8B693 /* XCRemoteSwiftPackageReference "firebase-ios-sdk" */;
			productName = FirebaseFirestore;
		};
		7380D7322C35CAC800D715B9 /* FirebaseFirestoreSwift */ = {
			isa = XCSwiftPackageProductDependency;
			package = 73ED2B842C2CB49800B8B693 /* XCRemoteSwiftPackageReference "firebase-ios-sdk" */;
			productName = FirebaseFirestoreSwift;
		};
		73ED2B852C2CB49800B8B693 /* FirebaseAuth */ = {
			isa = XCSwiftPackageProductDependency;
			package = 73ED2B842C2CB49800B8B693 /* XCRemoteSwiftPackageReference "firebase-ios-sdk" */;
			productName = FirebaseAuth;
		};
		73ED2B872C2CB49800B8B693 /* FirebaseDatabase */ = {
			isa = XCSwiftPackageProductDependency;
			package = 73ED2B842C2CB49800B8B693 /* XCRemoteSwiftPackageReference "firebase-ios-sdk" */;
			productName = FirebaseDatabase;
		};
		73ED2B892C2CB49800B8B693 /* FirebaseDatabaseSwift */ = {
			isa = XCSwiftPackageProductDependency;
			package = 73ED2B842C2CB49800B8B693 /* XCRemoteSwiftPackageReference "firebase-ios-sdk" */;
			productName = FirebaseDatabaseSwift;
		};
		73ED2B8D2C2CB67D00B8B693 /* FirebaseAnalyticsWithoutAdIdSupport */ = {
			isa = XCSwiftPackageProductDependency;
			package = 73ED2B842C2CB49800B8B693 /* XCRemoteSwiftPackageReference "firebase-ios-sdk" */;
			productName = FirebaseAnalyticsWithoutAdIdSupport;
		};
		73ED2B902C2CB71D00B8B693 /* GoogleSignIn */ = {
			isa = XCSwiftPackageProductDependency;
			package = 73ED2B8F2C2CB71D00B8B693 /* XCRemoteSwiftPackageReference "GoogleSignIn-iOS" */;
			productName = GoogleSignIn;
		};
		73ED2B922C2CB71D00B8B693 /* GoogleSignInSwift */ = {
			isa = XCSwiftPackageProductDependency;
			package = 73ED2B8F2C2CB71D00B8B693 /* XCRemoteSwiftPackageReference "GoogleSignIn-iOS" */;
			productName = GoogleSignInSwift;
		};
/* End XCSwiftPackageProductDependency section */
	};
	rootObject = 735C44162C24C3D700D217D8 /* Project object */;
}
